
Microsoft Visual Studio Solution File, Format Version 12.00
# Visual Studio Version 17
VisualStudioVersion = 17.4.33205.214
MinimumVisualStudioVersion = 10.0.40219.1
Project("{FAE04EC0-301F-11D3-BF4B-00C04F79EFBC}") = "WindowsFormsApp1", "WindowsFormsApp1.csproj", "{C932462E-DBA9-4998-A6C9-35C4789071F5}"
EndProject
Global
	GlobalSection(SolutionConfigurationPlatforms) = preSolution
		Debug|Any CPU = Debug|Any CPU
		Release|Any CPU = Release|Any CPU
	EndGlobalSection
	GlobalSection(ProjectConfigurationPlatforms) = postSolution
		{C932462E-DBA9-4998-A6C9-35C4789071F5}.Debug|Any CPU.ActiveCfg = Debug|Any CPU
		{C932462E-DBA9-4998-A6C9-35C4789071F5}.Debug|Any CPU.Build.0 = Debug|Any CPU
		{C932462E-DBA9-4998-A6C9-35C4789071F5}.Release|Any CPU.ActiveCfg = Release|Any CPU
		{C932462E-DBA9-4998-A6C9-35C4789071F5}.Release|Any CPU.Build.0 = Release|Any CPU
	EndGlobalSection
	GlobalSection(SolutionProperties) = preSolution
		HideSolutionNode = FALSE
	EndGlobalSection
	GlobalSection(ExtensibilityGlobals) = postSolution
		SolutionGuid = {6753E760-8D68-4799-B500-1CA942B4E336}
	EndGlobalSection
EndGlobal
